
Microsoft Visual Studio Solution File, Format Version 12.00
# Visual Studio Version 16
VisualStudioVersion = 16.0.31205.134
MinimumVisualStudioVersion = 10.0.40219.1
Project("{FAE04EC0-301F-11D3-BF4B-00C04F79EFBC}") = "ParcialSinMetodos", "ParcialSinMetodos\ParcialSinMetodos.csproj", "{99242157-929D-4C24-A605-585FCCEA5E30}"
EndProject
Global
	GlobalSection(SolutionConfigurationPlatforms) = preSolution
		Debug|Any CPU = Debug|Any CPU
		Release|Any CPU = Release|Any CPU
	EndGlobalSection
	GlobalSection(ProjectConfigurationPlatforms) = postSolution
		{99242157-929D-4C24-A605-585FCCEA5E30}.Debug|Any CPU.ActiveCfg = Debug|Any CPU
		{99242157-929D-4C24-A605-585FCCEA5E30}.Debug|Any CPU.Build.0 = Debug|Any CPU
		{99242157-929D-4C24-A605-585FCCEA5E30}.Release|Any CPU.ActiveCfg = Release|Any CPU
		{99242157-929D-4C24-A605-585FCCEA5E30}.Release|Any CPU.Build.0 = Release|Any CPU
	EndGlobalSection
	GlobalSection(SolutionProperties) = preSolution
		HideSolutionNode = FALSE
	EndGlobalSection
	GlobalSection(ExtensibilityGlobals) = postSolution
		SolutionGuid = {1FA62FD9-4978-4676-81B8-D6D707FDE5E5}
	EndGlobalSection
EndGlobal
